
Microsoft Visual Studio Solution File, Format Version 12.00
# Visual Studio Version 16
VisualStudioVersion = 16.0.30413.136
MinimumVisualStudioVersion = 10.0.40219.1
Project("{FAE04EC0-301F-11D3-BF4B-00C04F79EFBC}") = "OOP4", "OOP4\OOP4.csproj", "{C3EFE54E-75E3-42C9-BAEE-490C93C5433A}"
EndProject
Global
	GlobalSection(SolutionConfigurationPlatforms) = preSolution
		Debug|Any CPU = Debug|Any CPU
		Release|Any CPU = Release|Any CPU
	EndGlobalSection
	GlobalSection(ProjectConfigurationPlatforms) = postSolution
		{C3EFE54E-75E3-42C9-BAEE-490C93C5433A}.Debug|Any CPU.ActiveCfg = Debug|Any CPU
		{C3EFE54E-75E3-42C9-BAEE-490C93C5433A}.Debug|Any CPU.Build.0 = Debug|Any CPU
		{C3EFE54E-75E3-42C9-BAEE-490C93C5433A}.Release|Any CPU.ActiveCfg = Release|Any CPU
		{C3EFE54E-75E3-42C9-BAEE-490C93C5433A}.Release|Any CPU.Build.0 = Release|Any CPU
	EndGlobalSection
	GlobalSection(SolutionProperties) = preSolution
		HideSolutionNode = FALSE
	EndGlobalSection
	GlobalSection(ExtensibilityGlobals) = postSolution
		SolutionGuid = {5ECCFF5A-BF11-4DA4-9315-17DC7FA2D7F1}
	EndGlobalSection
EndGlobal
